
Microsoft Visual Studio Solution File, Format Version 12.00
# Visual Studio Version 17
VisualStudioVersion = 17.5.002.0
MinimumVisualStudioVersion = 10.0.40219.1
Project("{9A19103F-16F7-4668-BE54-9A1E7A4F7556}") = "TodoApi", "TodoApi.csproj", "{0087DFF1-0AA1-4BF3-8829-D4CB69399003}"
EndProject
Global
	GlobalSection(SolutionConfigurationPlatforms) = preSolution
		Debug|Any CPU = Debug|Any CPU
		Release|Any CPU = Release|Any CPU
	EndGlobalSection
	GlobalSection(ProjectConfigurationPlatforms) = postSolution
		{0087DFF1-0AA1-4BF3-8829-D4CB69399003}.Debug|Any CPU.ActiveCfg = Debug|Any CPU
		{0087DFF1-0AA1-4BF3-8829-D4CB69399003}.Debug|Any CPU.Build.0 = Debug|Any CPU
		{0087DFF1-0AA1-4BF3-8829-D4CB69399003}.Release|Any CPU.ActiveCfg = Release|Any CPU
		{0087DFF1-0AA1-4BF3-8829-D4CB69399003}.Release|Any CPU.Build.0 = Release|Any CPU
	EndGlobalSection
	GlobalSection(SolutionProperties) = preSolution
		HideSolutionNode = FALSE
	EndGlobalSection
	GlobalSection(ExtensibilityGlobals) = postSolution
		SolutionGuid = {72DC9075-030A-457F-A115-3E36FED00258}
	EndGlobalSection
EndGlobal
